// !$*UTF8*$!
{
	archiveVersion = 1;
	classes = {
	};
	objectVersion = 50;
	objects = {

/* Begin PBXBuildFile section */
		B44F5C7B24C068CC000FBB02 /* Arrary+Identifiable.swift in Sources */ = {isa = PBXBuildFile; fileRef = B44F5C7A24C068CC000FBB02 /* Arrary+Identifiable.swift */; };
		B44F5C7D24C06DB0000FBB02 /* Grid.swift in Sources */ = {isa = PBXBuildFile; fileRef = B44F5C7C24C06DB0000FBB02 /* Grid.swift */; };
		B44F5C7F24C07B4A000FBB02 /* GridLayout.swift in Sources */ = {isa = PBXBuildFile; fileRef = B44F5C7E24C07B4A000FBB02 /* GridLayout.swift */; };
		B46E820D24B85D48009FC009 /* AppDelegate.swift in Sources */ = {isa = PBXBuildFile; fileRef = B46E820C24B85D48009FC009 /* AppDelegate.swift */; };
		B46E820F24B85D48009FC009 /* SceneDelegate.swift in Sources */ = {isa = PBXBuildFile; fileRef = B46E820E24B85D48009FC009 /* SceneDelegate.swift */; };
		B46E821124B85D48009FC009 /* MemoryGameView.swift in Sources */ = {isa = PBXBuildFile; fileRef = B46E821024B85D48009FC009 /* MemoryGameView.swift */; };
		B46E821324B85D4A009FC009 /* Assets.xcassets in Resources */ = {isa = PBXBuildFile; fileRef = B46E821224B85D4A009FC009 /* Assets.xcassets */; };
		B46E821624B85D4A009FC009 /* Preview Assets.xcassets in Resources */ = {isa = PBXBuildFile; fileRef = B46E821524B85D4A009FC009 /* Preview Assets.xcassets */; };
		B46E821924B85D4A009FC009 /* LaunchScreen.storyboard in Resources */ = {isa = PBXBuildFile; fileRef = B46E821724B85D4A009FC009 /* LaunchScreen.storyboard */; };
		B46E822124B85D92009FC009 /* MemoryGameModel.swift in Sources */ = {isa = PBXBuildFile; fileRef = B46E822024B85D92009FC009 /* MemoryGameModel.swift */; };
		B46E822324B85DAE009FC009 /* MemoryGameViewModel.swift in Sources */ = {isa = PBXBuildFile; fileRef = B46E822224B85DAE009FC009 /* MemoryGameViewModel.swift */; };
/* End PBXBuildFile section */

/* Begin PBXFileReference section */
		B44F5C7A24C068CC000FBB02 /* Arrary+Identifiable.swift */ = {isa = PBXFileReference; lastKnownFileType = sourcecode.swift; path = "Arrary+Identifiable.swift"; sourceTree = "<group>"; };
		B44F5C7C24C06DB0000FBB02 /* Grid.swift */ = {isa = PBXFileReference; lastKnownFileType = sourcecode.swift; path = Grid.swift; sourceTree = "<group>"; };
		B44F5C7E24C07B4A000FBB02 /* GridLayout.swift */ = {isa = PBXFileReference; fileEncoding = 4; lastKnownFileType = sourcecode.swift; name = GridLayout.swift; path = ../../../../Slide/P4/GridLayout.swift; sourceTree = "<group>"; };
		B46E820924B85D48009FC009 /* Memorize.app */ = {isa = PBXFileReference; explicitFileType = wrapper.application; includeInIndex = 0; path = Memorize.app; sourceTree = BUILT_PRODUCTS_DIR; };
		B46E820C24B85D48009FC009 /* AppDelegate.swift */ = {isa = PBXFileReference; lastKnownFileType = sourcecode.swift; path = AppDelegate.swift; sourceTree = "<group>"; };
		B46E820E24B85D48009FC009 /* SceneDelegate.swift */ = {isa = PBXFileReference; lastKnownFileType = sourcecode.swift; path = SceneDelegate.swift; sourceTree = "<group>"; };
		B46E821024B85D48009FC009 /* MemoryGameView.swift */ = {isa = PBXFileReference; lastKnownFileType = sourcecode.swift; path = MemoryGameView.swift; sourceTree = "<group>"; };
		B46E821224B85D4A009FC009 /* Assets.xcassets */ = {isa = PBXFileReference; lastKnownFileType = folder.assetcatalog; path = Assets.xcassets; sourceTree = "<group>"; };
		B46E821524B85D4A009FC009 /* Preview Assets.xcassets */ = {isa = PBXFileReference; lastKnownFileType = folder.assetcatalog; path = "Preview Assets.xcassets"; sourceTree = "<group>"; };
		B46E821824B85D4A009FC009 /* Base */ = {isa = PBXFileReference; lastKnownFileType = file.storyboard; name = Base; path = Base.lproj/LaunchScreen.storyboard; sourceTree = "<group>"; };
		B46E821A24B85D4A009FC009 /* Info.plist */ = {isa = PBXFileReference; lastKnownFileType = text.plist.xml; path = Info.plist; sourceTree = "<group>"; };
		B46E822024B85D92009FC009 /* MemoryGameModel.swift */ = {isa = PBXFileReference; lastKnownFileType = sourcecode.swift; path = MemoryGameModel.swift; sourceTree = "<group>"; };
		B46E822224B85DAE009FC009 /* MemoryGameViewModel.swift */ = {isa = PBXFileReference; lastKnownFileType = sourcecode.swift; path = MemoryGameViewModel.swift; sourceTree = "<group>"; };
/* End PBXFileReference section */

/* Begin PBXFrameworksBuildPhase section */
		B46E820624B85D48009FC009 /* Frameworks */ = {
			isa = PBXFrameworksBuildPhase;
			buildActionMask = 2147483647;
			files = (
			);
			runOnlyForDeploymentPostprocessing = 0;
		};
/* End PBXFrameworksBuildPhase section */

/* Begin PBXGroup section */
		B46E820024B85D48009FC009 = {
			isa = PBXGroup;
			children = (
				B46E820B24B85D48009FC009 /* Memorize */,
				B46E820A24B85D48009FC009 /* Products */,
			);
			sourceTree = "<group>";
		};
		B46E820A24B85D48009FC009 /* Products */ = {
			isa = PBXGroup;
			children = (
				B46E820924B85D48009FC009 /* Memorize.app */,
			);
			name = Products;
			sourceTree = "<group>";
		};
		B46E820B24B85D48009FC009 /* Memorize */ = {
			isa = PBXGroup;
			children = (
				B46E820C24B85D48009FC009 /* AppDelegate.swift */,
				B46E820E24B85D48009FC009 /* SceneDelegate.swift */,
				B44F5C7A24C068CC000FBB02 /* Arrary+Identifiable.swift */,
				B44F5C7C24C06DB0000FBB02 /* Grid.swift */,
				B44F5C7E24C07B4A000FBB02 /* GridLayout.swift */,
				B46E821024B85D48009FC009 /* MemoryGameView.swift */,
				B46E822024B85D92009FC009 /* MemoryGameModel.swift */,
				B46E822224B85DAE009FC009 /* MemoryGameViewModel.swift */,
				B46E821224B85D4A009FC009 /* Assets.xcassets */,
				B46E821724B85D4A009FC009 /* LaunchScreen.storyboard */,
				B46E821A24B85D4A009FC009 /* Info.plist */,
				B46E821424B85D4A009FC009 /* Preview Content */,
			);
			path = Memorize;
			sourceTree = "<group>";
		};
		B46E821424B85D4A009FC009 /* Preview Content */ = {
			isa = PBXGroup;
			children = (
				B46E821524B85D4A009FC009 /* Preview Assets.xcassets */,
			);
			path = "Preview Content";
			sourceTree = "<group>";
		};
/* End PBXGroup section */

/* Begin PBXNativeTarget section */
		B46E820824B85D48009FC009 /* Memorize */ = {
			isa = PBXNativeTarget;
			buildConfigurationList = B46E821D24B85D4A009FC009 /* Build configuration list for PBXNativeTarget "Memorize" */;
			buildPhases = (
				B46E820524B85D48009FC009 /* Sources */,
				B46E820624B85D48009FC009 /* Frameworks */,
				B46E820724B85D48009FC009 /* Resources */,
			);
			buildRules = (
			);
			dependencies = (
			);
			name = Memorize;
			productName = Memorize;
			productReference = B46E820924B85D48009FC009 /* Memorize.app */;
			productType = "com.apple.product-type.application";
		};
/* End PBXNativeTarget section */

/* Begin PBXProject section */
		B46E820124B85D48009FC009 /* Project object */ = {
			isa = PBXProject;
			attributes = {
				LastSwiftUpdateCheck = 1150;
				LastUpgradeCheck = 1150;
				ORGANIZATIONNAME = yanqizhao;
				TargetAttributes = {
					B46E820824B85D48009FC009 = {
						CreatedOnToolsVersion = 11.5;
					};
				};
			};
			buildConfigurationList = B46E820424B85D48009FC009 /* Build configuration list for PBXProject "Memorize" */;
			compatibilityVersion = "Xcode 9.3";
			developmentRegion = en;
			hasScannedForEncodings = 0;
			knownRegions = (
				en,
				Base,
			);
			mainGroup = B46E820024B85D48009FC009;
			productRefGroup = B46E820A24B85D48009FC009 /* Products */;
			projectDirPath = "";
			projectRoot = "";
			targets = (
				B46E820824B85D48009FC009 /* Memorize */,
			);
		};
/* End PBXProject section */

/* Begin PBXResourcesBuildPhase section */
		B46E820724B85D48009FC009 /* Resources */ = {
			isa = PBXResourcesBuildPhase;
			buildActionMask = 2147483647;
			files = (
				B46E821924B85D4A009FC009 /* LaunchScreen.storyboard in Resources */,
				B46E821624B85D4A009FC009 /* Preview Assets.xcassets in Resources */,
				B46E821324B85D4A009FC009 /* Assets.xcassets in Resources */,
			);
			runOnlyForDeploymentPostprocessing = 0;
		};
/* End PBXResourcesBuildPhase section */

/* Begin PBXSourcesBuildPhase section */
		B46E820524B85D48009FC009 /* Sources */ = {
			isa = PBXSourcesBuildPhase;
			buildActionMask = 2147483647;
			files = (
				B46E822124B85D92009FC009 /* MemoryGameModel.swift in Sources */,
				B46E820D24B85D48009FC009 /* AppDelegate.swift in Sources */,
				B46E822324B85DAE009FC009 /* MemoryGameViewModel.swift in Sources */,
				B46E820F24B85D48009FC009 /* SceneDelegate.swift in Sources */,
				B44F5C7B24C068CC000FBB02 /* Arrary+Identifiable.swift in Sources */,
				B44F5C7D24C06DB0000FBB02 /* Grid.swift in Sources */,
				B46E821124B85D48009FC009 /* MemoryGameView.swift in Sources */,
				B44F5C7F24C07B4A000FBB02 /* GridLayout.swift in Sources */,
			);
			runOnlyForDeploymentPostprocessing = 0;
		};
/* End PBXSourcesBuildPhase section */

/* Begin PBXVariantGroup section */
		B46E821724B85D4A009FC009 /* LaunchScreen.storyboard */ = {
			isa = PBXVariantGroup;
			children = (
				B46E821824B85D4A009FC009 /* Base */,
			);
			name = LaunchScreen.storyboard;
			sourceTree = "<group>";
		};
/* End PBXVariantGroup section */

/* Begin XCBuildConfiguration section */
		B46E821B24B85D4A009FC009 /* Debug */ = {
			isa = XCBuildConfiguration;
			buildSettings = {
				ALWAYS_SEARCH_USER_PATHS = NO;
				CLANG_ANALYZER_NONNULL = YES;
				CLANG_ANALYZER_NUMBER_OBJECT_CONVERSION = YES_AGGRESSIVE;
				CLANG_CXX_LANGUAGE_STANDARD = "gnu++14";
				CLANG_CXX_LIBRARY = "libc++";
				CLANG_ENABLE_MODULES = YES;
				CLANG_ENABLE_OBJC_ARC = YES;
				CLANG_ENABLE_OBJC_WEAK = YES;
				CLANG_WARN_BLOCK_CAPTURE_AUTORELEASING = YES;
				CLANG_WARN_BOOL_CONVERSION = YES;
				CLANG_WARN_COMMA = YES;
				CLANG_WARN_CONSTANT_CONVERSION = YES;
				CLANG_WARN_DEPRECATED_OBJC_IMPLEMENTATIONS = YES;
				CLANG_WARN_DIRECT_OBJC_ISA_USAGE = YES_ERROR;
				CLANG_WARN_DOCUMENTATION_COMMENTS = YES;
				CLANG_WARN_EMPTY_BODY = YES;
				CLANG_WARN_ENUM_CONVERSION = YES;
				CLANG_WARN_INFINITE_RECURSION = YES;
				CLANG_WARN_INT_CONVERSION = YES;
				CLANG_WARN_NON_LITERAL_NULL_CONVERSION = YES;
				CLANG_WARN_OBJC_IMPLICIT_RETAIN_SELF = YES;
				CLANG_WARN_OBJC_LITERAL_CONVERSION = YES;
				CLANG_WARN_OBJC_ROOT_CLASS = YES_ERROR;
				CLANG_WARN_RANGE_LOOP_ANALYSIS = YES;
				CLANG_WARN_STRICT_PROTOTYPES = YES;
				CLANG_WARN_SUSPICIOUS_MOVE = YES;
				CLANG_WARN_UNGUARDED_AVAILABILITY = YES_AGGRESSIVE;
				CLANG_WARN_UNREACHABLE_CODE = YES;
				CLANG_WARN__DUPLICATE_METHOD_MATCH = YES;
				COPY_PHASE_STRIP = NO;
				DEBUG_INFORMATION_FORMAT = dwarf;
				ENABLE_STRICT_OBJC_MSGSEND = YES;
				ENABLE_TESTABILITY = YES;
				GCC_C_LANGUAGE_STANDARD = gnu11;
				GCC_DYNAMIC_NO_PIC = NO;
				GCC_NO_COMMON_BLOCKS = YES;
				GCC_OPTIMIZATION_LEVEL = 0;
				GCC_PREPROCESSOR_DEFINITIONS = (
					"DEBUG=1",
					"$(inherited)",
				);
				GCC_WARN_64_TO_32_BIT_CONVERSION = YES;
				GCC_WARN_ABOUT_RETURN_TYPE = YES_ERROR;
				GCC_WARN_UNDECLARED_SELECTOR = YES;
				GCC_WARN_UNINITIALIZED_AUTOS = YES_AGGRESSIVE;
				GCC_WARN_UNUSED_FUNCTION = YES;
				GCC_WARN_UNUSED_VARIABLE = YES;
				IPHONEOS_DEPLOYMENT_TARGET = 13.5;
				MTL_ENABLE_DEBUG_INFO = INCLUDE_SOURCE;
				MTL_FAST_MATH = YES;
				ONLY_ACTIVE_ARCH = YES;
				SDKROOT = iphoneos;
				SWIFT_ACTIVE_COMPILATION_CONDITIONS = DEBUG;
				SWIFT_OPTIMIZATION_LEVEL = "-Onone";
			};
			name = Debug;
		};
		B46E821C24B85D4A009FC009 /* Release */ = {
			isa = XCBuildConfiguration;
			buildSettings = {
				ALWAYS_SEARCH_USER_PATHS = NO;
				CLANG_ANALYZER_NONNULL = YES;
				CLANG_ANALYZER_NUMBER_OBJECT_CONVERSION = YES_AGGRESSIVE;
				CLANG_CXX_LANGUAGE_STANDARD = "gnu++14";
				CLANG_CXX_LIBRARY = "libc++";
				CLANG_ENABLE_MODULES = YES;
				CLANG_ENABLE_OBJC_ARC = YES;
				CLANG_ENABLE_OBJC_WEAK = YES;
				CLANG_WARN_BLOCK_CAPTURE_AUTORELEASING = YES;
				CLANG_WARN_BOOL_CONVERSION = YES;
				CLANG_WARN_COMMA = YES;
				CLANG_WARN_CONSTANT_CONVERSION = YES;
				CLANG_WARN_DEPRECATED_OBJC_IMPLEMENTATIONS = YES;
				CLANG_WARN_DIRECT_OBJC_ISA_USAGE = YES_ERROR;
				CLANG_WARN_DOCUMENTATION_COMMENTS = YES;
				CLANG_WARN_EMPTY_BODY = YES;
				CLANG_WARN_ENUM_CONVERSION = YES;
				CLANG_WARN_INFINITE_RECURSION = YES;
				CLANG_WARN_INT_CONVERSION = YES;
				CLANG_WARN_NON_LITERAL_NULL_CONVERSION = YES;
				CLANG_WARN_OBJC_IMPLICIT_RETAIN_SELF = YES;
				CLANG_WARN_OBJC_LITERAL_CONVERSION = YES;
				CLANG_WARN_OBJC_ROOT_CLASS = YES_ERROR;
				CLANG_WARN_RANGE_LOOP_ANALYSIS = YES;
				CLANG_WARN_STRICT_PROTOTYPES = YES;
				CLANG_WARN_SUSPICIOUS_MOVE = YES;
				CLANG_WARN_UNGUARDED_AVAILABILITY = YES_AGGRESSIVE;
				CLANG_WARN_UNREACHABLE_CODE = YES;
				CLANG_WARN__DUPLICATE_METHOD_MATCH = YES;
				COPY_PHASE_STRIP = NO;
				DEBUG_INFORMATION_FORMAT = "dwarf-with-dsym";
				ENABLE_NS_ASSERTIONS = NO;
				ENABLE_STRICT_OBJC_MSGSEND = YES;
				GCC_C_LANGUAGE_STANDARD = gnu11;
				GCC_NO_COMMON_BLOCKS = YES;
				GCC_WARN_64_TO_32_BIT_CONVERSION = YES;
				GCC_WARN_ABOUT_RETURN_TYPE = YES_ERROR;
				GCC_WARN_UNDECLARED_SELECTOR = YES;
				GCC_WARN_UNINITIALIZED_AUTOS = YES_AGGRESSIVE;
				GCC_WARN_UNUSED_FUNCTION = YES;
				GCC_WARN_UNUSED_VARIABLE = YES;
				IPHONEOS_DEPLOYMENT_TARGET = 13.5;
				MTL_ENABLE_DEBUG_INFO = NO;
				MTL_FAST_MATH = YES;
				SDKROOT = iphoneos;
				SWIFT_COMPILATION_MODE = wholemodule;
				SWIFT_OPTIMIZATION_LEVEL = "-O";
				VALIDATE_PRODUCT = YES;
			};
			name = Release;
		};
		B46E821E24B85D4A009FC009 /* Debug */ = {
			isa = XCBuildConfiguration;
			buildSettings = {
				ASSETCATALOG_COMPILER_APPICON_NAME = AppIcon;
				CODE_SIGN_STYLE = Automatic;
				DEVELOPMENT_ASSET_PATHS = "\"Memorize/Preview Content\"";
				DEVELOPMENT_TEAM = AZX3CX949P;
				ENABLE_PREVIEWS = YES;
				INFOPLIST_FILE = Memorize/Info.plist;
				LD_RUNPATH_SEARCH_PATHS = (
					"$(inherited)",
					"@executable_path/Frameworks",
				);
				PRODUCT_BUNDLE_IDENTIFIER = com.yanqizhao.Memorize;
				PRODUCT_NAME = "$(TARGET_NAME)";
				SWIFT_VERSION = 5.0;
				TARGETED_DEVICE_FAMILY = "1,2";
			};
			name = Debug;
		};
		B46E821F24B85D4A009FC009 /* Release */ = {
			isa = XCBuildConfiguration;
			buildSettings = {
				ASSETCATALOG_COMPILER_APPICON_NAME = AppIcon;
				CODE_SIGN_STYLE = Automatic;
				DEVELOPMENT_ASSET_PATHS = "\"Memorize/Preview Content\"";
				DEVELOPMENT_TEAM = AZX3CX949P;
				ENABLE_PREVIEWS = YES;
				INFOPLIST_FILE = Memorize/Info.plist;
				LD_RUNPATH_SEARCH_PATHS = (
					"$(inherited)",
					"@executable_path/Frameworks",
				);
				PRODUCT_BUNDLE_IDENTIFIER = com.yanqizhao.Memorize;
				PRODUCT_NAME = "$(TARGET_NAME)";
				SWIFT_VERSION = 5.0;
				TARGETED_DEVICE_FAMILY = "1,2";
			};
			name = Release;
		};
/* End XCBuildConfiguration section */

/* Begin XCConfigurationList section */
		B46E820424B85D48009FC009 /* Build configuration list for PBXProject "Memorize" */ = {
			isa = XCConfigurationList;
			buildConfigurations = (
				B46E821B24B85D4A009FC009 /* Debug */,
				B46E821C24B85D4A009FC009 /* Release */,
			);
			defaultConfigurationIsVisible = 0;
			defaultConfigurationName = Release;
		};
		B46E821D24B85D4A009FC009 /* Build configuration list for PBXNativeTarget "Memorize" */ = {
			isa = XCConfigurationList;
			buildConfigurations = (
				B46E821E24B85D4A009FC009 /* Debug */,
				B46E821F24B85D4A009FC009 /* Release */,
			);
			defaultConfigurationIsVisible = 0;
			defaultConfigurationName = Release;
		};
/* End XCConfigurationList section */
	};
	rootObject = B46E820124B85D48009FC009 /* Project object */;
}
